dependencies:
- name: strimzi-kafka-operator
  repository: oci://quay.io/strimzi-helm
  version: 1.0.0
- name: stream-processors
  repository: oci://ghcr.io/miracum/charts
  version: 1.11.4
- name: minio
  repository: oci://registry-1.docker.io/bitnamicharts
  version: 17.0.21
- name: akhq
  repository: https://akhq.io/
  version: 0.26.0
digest: sha256:8dbb5e0b6caf3e820e04ac34c33cf48185846799513109271fc754905e5fe384
generated: "2026-05-01T01:18:33.718942896Z"
